// !$*UTF8*$!
{
	archiveVersion = 1;
	classes = {
	};
	objectVersion = 50;
	objects = {

/* Begin PBXBuildFile section */
		7042526A2562DD530047D030 /* ListSlidePageView.swift in Sources */ = {isa = PBXBuildFile; fileRef = 704252692562DD530047D030 /* ListSlidePageView.swift */; };
		7042526E2562F7A60047D030 /* SlideModels.swift in Sources */ = {isa = PBXBuildFile; fileRef = 7042526D2562F7A60047D030 /* SlideModels.swift */; };
		704252812562F8D70047D030 /* ImageLoader.swift in Sources */ = {isa = PBXBuildFile; fileRef = 704252802562F8D70047D030 /* ImageLoader.swift */; };
		704252842562F92E0047D030 /* AsyncImage.swift in Sources */ = {isa = PBXBuildFile; fileRef = 704252832562F92E0047D030 /* AsyncImage.swift */; };
		7062BD7525602148006D1128 /* Utils.swift in Sources */ = {isa = PBXBuildFile; fileRef = 7062BD7425602148006D1128 /* Utils.swift */; };
		7062BD782561CE11006D1128 /* Main-CoreDataHelpers.swift in Sources */ = {isa = PBXBuildFile; fileRef = 7062BD772561CE11006D1128 /* Main-CoreDataHelpers.swift */; };
		7062BD82256278FF006D1128 /* FullSlidePageView.swift in Sources */ = {isa = PBXBuildFile; fileRef = 7062BD81256278FF006D1128 /* FullSlidePageView.swift */; };
		7062BD852562795E006D1128 /* PageViewController.swift in Sources */ = {isa = PBXBuildFile; fileRef = 7062BD842562795E006D1128 /* PageViewController.swift */; };
		7062BD8C25629359006D1128 /* Sequence+Ext.swift in Sources */ = {isa = PBXBuildFile; fileRef = 7062BD8B25629359006D1128 /* Sequence+Ext.swift */; };
		7062E04E255C3317003283DB /* iSwiftApp.swift in Sources */ = {isa = PBXBuildFile; fileRef = 7062E04D255C3317003283DB /* iSwiftApp.swift */; };
		7062E050255C3317003283DB /* ContentView.swift in Sources */ = {isa = PBXBuildFile; fileRef = 7062E04F255C3317003283DB /* ContentView.swift */; };
		7062E052255C3318003283DB /* Assets.xcassets in Resources */ = {isa = PBXBuildFile; fileRef = 7062E051255C3318003283DB /* Assets.xcassets */; };
		7062E055255C3318003283DB /* Preview Assets.xcassets in Resources */ = {isa = PBXBuildFile; fileRef = 7062E054255C3318003283DB /* Preview Assets.xcassets */; };
		CC0E0F63255EA2C70086C08D /* Constants.swift in Sources */ = {isa = PBXBuildFile; fileRef = CC0E0F62255EA2C70086C08D /* Constants.swift */; };
		CC20FF83255EB83F00377478 /* Data.xcdatamodeld in Sources */ = {isa = PBXBuildFile; fileRef = CC20FF81255EB83F00377478 /* Data.xcdatamodeld */; };
		CC20FF94255EE17A00377478 /* Topic-CoreDataHelpers.swift in Sources */ = {isa = PBXBuildFile; fileRef = CC20FF93255EE17A00377478 /* Topic-CoreDataHelpers.swift */; };
		CC20FF97255EE1C100377478 /* Social-CoreDataHelpers.swift in Sources */ = {isa = PBXBuildFile; fileRef = CC20FF96255EE1C100377478 /* Social-CoreDataHelpers.swift */; };
		CC4A5B66255D950A0008889D /* NetworkManager.swift in Sources */ = {isa = PBXBuildFile; fileRef = CC4A5B65255D950A0008889D /* NetworkManager.swift */; };
		CC4A5B6C255D98920008889D /* HomeView.swift in Sources */ = {isa = PBXBuildFile; fileRef = CC4A5B6B255D98920008889D /* HomeView.swift */; };
		CC7249D4255D87500054C875 /* DecodableCoreData.swift in Sources */ = {isa = PBXBuildFile; fileRef = CC7249D3255D87500054C875 /* DecodableCoreData.swift */; };
		CC7249D8255D8AC00054C875 /* ViewModel.swift in Sources */ = {isa = PBXBuildFile; fileRef = CC7249D7255D8AC00054C875 /* ViewModel.swift */; };
		CCC97FD1255D6D5E000D7C0B /* Section-CoreDataHelpers.swift in Sources */ = {isa = PBXBuildFile; fileRef = CCC97FD0255D6D5E000D7C0B /* Section-CoreDataHelpers.swift */; };
		CCC97FD4255D6D8C000D7C0B /* DataController.swift in Sources */ = {isa = PBXBuildFile; fileRef = CCC97FD3255D6D8C000D7C0B /* DataController.swift */; };
/* End PBXBuildFile section */

/* Begin PBXFileReference section */
		704252692562DD530047D030 /* ListSlidePageView.swift */ = {isa = PBXFileReference; lastKnownFileType = sourcecode.swift; path = ListSlidePageView.swift; sourceTree = "<group>"; };
		7042526D2562F7A60047D030 /* SlideModels.swift */ = {isa = PBXFileReference; lastKnownFileType = sourcecode.swift; path = SlideModels.swift; sourceTree = "<group>"; };
		704252802562F8D70047D030 /* ImageLoader.swift */ = {isa = PBXFileReference; lastKnownFileType = sourcecode.swift; path = ImageLoader.swift; sourceTree = "<group>"; };
		704252832562F92E0047D030 /* AsyncImage.swift */ = {isa = PBXFileReference; lastKnownFileType = sourcecode.swift; path = AsyncImage.swift; sourceTree = "<group>"; };
		7062BD7425602148006D1128 /* Utils.swift */ = {isa = PBXFileReference; lastKnownFileType = sourcecode.swift; path = Utils.swift; sourceTree = "<group>"; };
		7062BD772561CE11006D1128 /* Main-CoreDataHelpers.swift */ = {isa = PBXFileReference; lastKnownFileType = sourcecode.swift; path = "Main-CoreDataHelpers.swift"; sourceTree = "<group>"; };
		7062BD81256278FF006D1128 /* FullSlidePageView.swift */ = {isa = PBXFileReference; lastKnownFileType = sourcecode.swift; path = FullSlidePageView.swift; sourceTree = "<group>"; };
		7062BD842562795E006D1128 /* PageViewController.swift */ = {isa = PBXFileReference; lastKnownFileType = sourcecode.swift; path = PageViewController.swift; sourceTree = "<group>"; };
		7062BD8B25629359006D1128 /* Sequence+Ext.swift */ = {isa = PBXFileReference; lastKnownFileType = sourcecode.swift; path = "Sequence+Ext.swift"; sourceTree = "<group>"; };
		7062E04A255C3317003283DB /* iSwift.app */ = {isa = PBXFileReference; explicitFileType = wrapper.application; includeInIndex = 0; path = iSwift.app; sourceTree = BUILT_PRODUCTS_DIR; };
		7062E04D255C3317003283DB /* iSwiftApp.swift */ = {isa = PBXFileReference; lastKnownFileType = sourcecode.swift; path = iSwiftApp.swift; sourceTree = "<group>"; };
		7062E04F255C3317003283DB /* ContentView.swift */ = {isa = PBXFileReference; lastKnownFileType = sourcecode.swift; path = ContentView.swift; sourceTree = "<group>"; };
		7062E051255C3318003283DB /* Assets.xcassets */ = {isa = PBXFileReference; lastKnownFileType = folder.assetcatalog; path = Assets.xcassets; sourceTree = "<group>"; };
		7062E054255C3318003283DB /* Preview Assets.xcassets */ = {isa = PBXFileReference; lastKnownFileType = folder.assetcatalog; path = "Preview Assets.xcassets"; sourceTree = "<group>"; };
		7062E056255C3318003283DB /* Info.plist */ = {isa = PBXFileReference; lastKnownFileType = text.plist.xml; path = Info.plist; sourceTree = "<group>"; };
		CC0E0F62255EA2C70086C08D /* Constants.swift */ = {isa = PBXFileReference; lastKnownFileType = sourcecode.swift; path = Constants.swift; sourceTree = "<group>"; };
		CC20FF82255EB83F00377478 /* Data.xcdatamodel */ = {isa = PBXFileReference; lastKnownFileType = wrapper.xcdatamodel; path = Data.xcdatamodel; sourceTree = "<group>"; };
		CC20FF93255EE17A00377478 /* Topic-CoreDataHelpers.swift */ = {isa = PBXFileReference; lastKnownFileType = sourcecode.swift; path = "Topic-CoreDataHelpers.swift"; sourceTree = "<group>"; };
		CC20FF96255EE1C100377478 /* Social-CoreDataHelpers.swift */ = {isa = PBXFileReference; lastKnownFileType = sourcecode.swift; path = "Social-CoreDataHelpers.swift"; sourceTree = "<group>"; };
		CC4A5B65255D950A0008889D /* NetworkManager.swift */ = {isa = PBXFileReference; lastKnownFileType = sourcecode.swift; path = NetworkManager.swift; sourceTree = "<group>"; };
		CC4A5B6B255D98920008889D /* HomeView.swift */ = {isa = PBXFileReference; lastKnownFileType = sourcecode.swift; path = HomeView.swift; sourceTree = "<group>"; };
		CC7249D3255D87500054C875 /* DecodableCoreData.swift */ = {isa = PBXFileReference; lastKnownFileType = sourcecode.swift; path = DecodableCoreData.swift; sourceTree = "<group>"; };
		CC7249D7255D8AC00054C875 /* ViewModel.swift */ = {isa = PBXFileReference; lastKnownFileType = sourcecode.swift; path = ViewModel.swift; sourceTree = "<group>"; };
		CCC97FD0255D6D5E000D7C0B /* Section-CoreDataHelpers.swift */ = {isa = PBXFileReference; lastKnownFileType = sourcecode.swift; path = "Section-CoreDataHelpers.swift"; sourceTree = "<group>"; };
		CCC97FD3255D6D8C000D7C0B /* DataController.swift */ = {isa = PBXFileReference; lastKnownFileType = sourcecode.swift; path = DataController.swift; sourceTree = "<group>"; };
/* End PBXFileReference section */

/* Begin PBXFrameworksBuildPhase section */
		7062E047255C3317003283DB /* Frameworks */ = {
			isa = PBXFrameworksBuildPhase;
			buildActionMask = 2147483647;
			files = (
			);
			runOnlyForDeploymentPostprocessing = 0;
		};
/* End PBXFrameworksBuildPhase section */

/* Begin PBXGroup section */
		7062E041255C3317003283DB = {
			isa = PBXGroup;
			children = (
				7062E04C255C3317003283DB /* iSwift */,
				7062E04B255C3317003283DB /* Products */,
			);
			sourceTree = "<group>";
		};
		7062E04B255C3317003283DB /* Products */ = {
			isa = PBXGroup;
			children = (
				7062E04A255C3317003283DB /* iSwift.app */,
			);
			name = Products;
			sourceTree = "<group>";
		};
		7062E04C255C3317003283DB /* iSwift */ = {
			isa = PBXGroup;
			children = (
				70CC8A8C25632D2E00B204D6 /* Utils */,
				70CC8A8B25632D2500B204D6 /* Managers */,
				70CC8A8A25632CDC00B204D6 /* Views */,
				70CC8A8925632CCE00B204D6 /* Controllers */,
				70CC8A8825632CC100B204D6 /* ViewModel */,
				70CC8A8725632CB400B204D6 /* Models */,
				CC7249BC255D86660054C875 /* CoreData */,
				7062E051255C3318003283DB /* Assets.xcassets */,
				7062E056255C3318003283DB /* Info.plist */,
				7062E053255C3318003283DB /* Preview Content */,
			);
			path = iSwift;
			sourceTree = "<group>";
		};
		7062E053255C3318003283DB /* Preview Content */ = {
			isa = PBXGroup;
			children = (
				7062E054255C3318003283DB /* Preview Assets.xcassets */,
			);
			path = "Preview Content";
			sourceTree = "<group>";
		};
		70CC8A8725632CB400B204D6 /* Models */ = {
			isa = PBXGroup;
			children = (
				7042526D2562F7A60047D030 /* SlideModels.swift */,
			);
			path = Models;
			sourceTree = "<group>";
		};
		70CC8A8825632CC100B204D6 /* ViewModel */ = {
			isa = PBXGroup;
			children = (
				CC7249D7255D8AC00054C875 /* ViewModel.swift */,
				704252802562F8D70047D030 /* ImageLoader.swift */,
			);
			path = ViewModel;
			sourceTree = "<group>";
		};
		70CC8A8925632CCE00B204D6 /* Controllers */ = {
			isa = PBXGroup;
			children = (
				CCC97FD3255D6D8C000D7C0B /* DataController.swift */,
				7062BD842562795E006D1128 /* PageViewController.swift */,
			);
			path = Controllers;
			sourceTree = "<group>";
		};
		70CC8A8A25632CDC00B204D6 /* Views */ = {
			isa = PBXGroup;
			children = (
				704252692562DD530047D030 /* ListSlidePageView.swift */,
				7062E04D255C3317003283DB /* iSwiftApp.swift */,
				7062E04F255C3317003283DB /* ContentView.swift */,
				CC4A5B6B255D98920008889D /* HomeView.swift */,
				7062BD81256278FF006D1128 /* FullSlidePageView.swift */,
				704252832562F92E0047D030 /* AsyncImage.swift */,
			);
			path = Views;
			sourceTree = "<group>";
		};
		70CC8A8B25632D2500B204D6 /* Managers */ = {
			isa = PBXGroup;
			children = (
				CC4A5B65255D950A0008889D /* NetworkManager.swift */,
			);
			path = Managers;
			sourceTree = "<group>";
		};
		70CC8A8C25632D2E00B204D6 /* Utils */ = {
			isa = PBXGroup;
			children = (
				7062BD8B25629359006D1128 /* Sequence+Ext.swift */,
				CC0E0F62255EA2C70086C08D /* Constants.swift */,
				7062BD7425602148006D1128 /* Utils.swift */,
			);
			path = Utils;
			sourceTree = "<group>";
		};
		CC7249BC255D86660054C875 /* CoreData */ = {
			isa = PBXGroup;
			children = (
				CC20FF81255EB83F00377478 /* Data.xcdatamodeld */,
				CCC97FD0255D6D5E000D7C0B /* Section-CoreDataHelpers.swift */,
				CC7249D3255D87500054C875 /* DecodableCoreData.swift */,
				CC20FF93255EE17A00377478 /* Topic-CoreDataHelpers.swift */,
				CC20FF96255EE1C100377478 /* Social-CoreDataHelpers.swift */,
				7062BD772561CE11006D1128 /* Main-CoreDataHelpers.swift */,
			);
			path = CoreData;
			sourceTree = "<group>";
		};
/* End PBXGroup section */

/* Begin PBXNativeTarget section */
		7062E049255C3317003283DB /* iSwift */ = {
			isa = PBXNativeTarget;
			buildConfigurationList = 7062E059255C3318003283DB /* Build configuration list for PBXNativeTarget "iSwift" */;
			buildPhases = (
				7062E046255C3317003283DB /* Sources */,
				7062E047255C3317003283DB /* Frameworks */,
				7062E048255C3317003283DB /* Resources */,
			);
			buildRules = (
			);
			dependencies = (
			);
			name = iSwift;
			productName = iSwift;
			productReference = 7062E04A255C3317003283DB /* iSwift.app */;
			productType = "com.apple.product-type.application";
		};
/* End PBXNativeTarget section */

/* Begin PBXProject section */
		7062E042255C3317003283DB /* Project object */ = {
			isa = PBXProject;
			attributes = {
				LastSwiftUpdateCheck = 1210;
				LastUpgradeCheck = 1210;
				TargetAttributes = {
					7062E049255C3317003283DB = {
						CreatedOnToolsVersion = 12.1;
					};
				};
			};
			buildConfigurationList = 7062E045255C3317003283DB /* Build configuration list for PBXProject "iSwift" */;
			compatibilityVersion = "Xcode 9.3";
			developmentRegion = en;
			hasScannedForEncodings = 0;
			knownRegions = (
				en,
				Base,
			);
			mainGroup = 7062E041255C3317003283DB;
			productRefGroup = 7062E04B255C3317003283DB /* Products */;
			projectDirPath = "";
			projectRoot = "";
			targets = (
				7062E049255C3317003283DB /* iSwift */,
			);
		};
/* End PBXProject section */

/* Begin PBXResourcesBuildPhase section */
		7062E048255C3317003283DB /* Resources */ = {
			isa = PBXResourcesBuildPhase;
			buildActionMask = 2147483647;
			files = (
				7062E055255C3318003283DB /* Preview Assets.xcassets in Resources */,
				7062E052255C3318003283DB /* Assets.xcassets in Resources */,
			);
			runOnlyForDeploymentPostprocessing = 0;
		};
/* End PBXResourcesBuildPhase section */

/* Begin PBXSourcesBuildPhase section */
		7062E046255C3317003283DB /* Sources */ = {
			isa = PBXSourcesBuildPhase;
			buildActionMask = 2147483647;
			files = (
				CC20FF94255EE17A00377478 /* Topic-CoreDataHelpers.swift in Sources */,
				7062BD82256278FF006D1128 /* FullSlidePageView.swift in Sources */,
				704252812562F8D70047D030 /* ImageLoader.swift in Sources */,
				CC4A5B66255D950A0008889D /* NetworkManager.swift in Sources */,
				CC20FF97255EE1C100377478 /* Social-CoreDataHelpers.swift in Sources */,
				7062BD7525602148006D1128 /* Utils.swift in Sources */,
				CC0E0F63255EA2C70086C08D /* Constants.swift in Sources */,
				704252842562F92E0047D030 /* AsyncImage.swift in Sources */,
				CCC97FD4255D6D8C000D7C0B /* DataController.swift in Sources */,
				CC4A5B6C255D98920008889D /* HomeView.swift in Sources */,
				7062E050255C3317003283DB /* ContentView.swift in Sources */,
				7042526A2562DD530047D030 /* ListSlidePageView.swift in Sources */,
				7062E04E255C3317003283DB /* iSwiftApp.swift in Sources */,
				CC20FF83255EB83F00377478 /* Data.xcdatamodeld in Sources */,
				CCC97FD1255D6D5E000D7C0B /* Section-CoreDataHelpers.swift in Sources */,
				7042526E2562F7A60047D030 /* SlideModels.swift in Sources */,
				7062BD782561CE11006D1128 /* Main-CoreDataHelpers.swift in Sources */,
				CC7249D8255D8AC00054C875 /* ViewModel.swift in Sources */,
				7062BD8C25629359006D1128 /* Sequence+Ext.swift in Sources */,
				CC7249D4255D87500054C875 /* DecodableCoreData.swift in Sources */,
				7062BD852562795E006D1128 /* PageViewController.swift in Sources */,
			);
			runOnlyForDeploymentPostprocessing = 0;
		};
/* End PBXSourcesBuildPhase section */

/* Begin XCBuildConfiguration section */
		7062E057255C3318003283DB /* Debug */ = {
			isa = XCBuildConfiguration;
			buildSettings = {
				ALWAYS_SEARCH_USER_PATHS = NO;
				CLANG_ANALYZER_NONNULL = YES;
				CLANG_ANALYZER_NUMBER_OBJECT_CONVERSION = YES_AGGRESSIVE;
				CLANG_CXX_LANGUAGE_STANDARD = "gnu++14";
				CLANG_CXX_LIBRARY = "libc++";
				CLANG_ENABLE_MODULES = YES;
				CLANG_ENABLE_OBJC_ARC = YES;
				CLANG_ENABLE_OBJC_WEAK = YES;
				CLANG_WARN_BLOCK_CAPTURE_AUTORELEASING = YES;
				CLANG_WARN_BOOL_CONVERSION = YES;
				CLANG_WARN_COMMA = YES;
				CLANG_WARN_CONSTANT_CONVERSION = YES;
				CLANG_WARN_DEPRECATED_OBJC_IMPLEMENTATIONS = YES;
				CLANG_WARN_DIRECT_OBJC_ISA_USAGE = YES_ERROR;
				CLANG_WARN_DOCUMENTATION_COMMENTS = YES;
				CLANG_WARN_EMPTY_BODY = YES;
				CLANG_WARN_ENUM_CONVERSION = YES;
				CLANG_WARN_INFINITE_RECURSION = YES;
				CLANG_WARN_INT_CONVERSION = YES;
				CLANG_WARN_NON_LITERAL_NULL_CONVERSION = YES;
				CLANG_WARN_OBJC_IMPLICIT_RETAIN_SELF = YES;
				CLANG_WARN_OBJC_LITERAL_CONVERSION = YES;
				CLANG_WARN_OBJC_ROOT_CLASS = YES_ERROR;
				CLANG_WARN_QUOTED_INCLUDE_IN_FRAMEWORK_HEADER = YES;
				CLANG_WARN_RANGE_LOOP_ANALYSIS = YES;
				CLANG_WARN_STRICT_PROTOTYPES = YES;
				CLANG_WARN_SUSPICIOUS_MOVE = YES;
				CLANG_WARN_UNGUARDED_AVAILABILITY = YES_AGGRESSIVE;
				CLANG_WARN_UNREACHABLE_CODE = YES;
				CLANG_WARN__DUPLICATE_METHOD_MATCH = YES;
				COPY_PHASE_STRIP = NO;
				DEBUG_INFORMATION_FORMAT = dwarf;
				ENABLE_STRICT_OBJC_MSGSEND = YES;
				ENABLE_TESTABILITY = YES;
				GCC_C_LANGUAGE_STANDARD = gnu11;
				GCC_DYNAMIC_NO_PIC = NO;
				GCC_NO_COMMON_BLOCKS = YES;
				GCC_OPTIMIZATION_LEVEL = 0;
				GCC_PREPROCESSOR_DEFINITIONS = (
					"DEBUG=1",
					"$(inherited)",
				);
				GCC_WARN_64_TO_32_BIT_CONVERSION = YES;
				GCC_WARN_ABOUT_RETURN_TYPE = YES_ERROR;
				GCC_WARN_UNDECLARED_SELECTOR = YES;
				GCC_WARN_UNINITIALIZED_AUTOS = YES_AGGRESSIVE;
				GCC_WARN_UNUSED_FUNCTION = YES;
				GCC_WARN_UNUSED_VARIABLE = YES;
				IPHONEOS_DEPLOYMENT_TARGET = 14.1;
				MTL_ENABLE_DEBUG_INFO = INCLUDE_SOURCE;
				MTL_FAST_MATH = YES;
				ONLY_ACTIVE_ARCH = YES;
				SDKROOT = iphoneos;
				SWIFT_ACTIVE_COMPILATION_CONDITIONS = DEBUG;
				SWIFT_OPTIMIZATION_LEVEL = "-Onone";
			};
			name = Debug;
		};
		7062E058255C3318003283DB /* Release */ = {
			isa = XCBuildConfiguration;
			buildSettings = {
				ALWAYS_SEARCH_USER_PATHS = NO;
				CLANG_ANALYZER_NONNULL = YES;
				CLANG_ANALYZER_NUMBER_OBJECT_CONVERSION = YES_AGGRESSIVE;
				CLANG_CXX_LANGUAGE_STANDARD = "gnu++14";
				CLANG_CXX_LIBRARY = "libc++";
				CLANG_ENABLE_MODULES = YES;
				CLANG_ENABLE_OBJC_ARC = YES;
				CLANG_ENABLE_OBJC_WEAK = YES;
				CLANG_WARN_BLOCK_CAPTURE_AUTORELEASING = YES;
				CLANG_WARN_BOOL_CONVERSION = YES;
				CLANG_WARN_COMMA = YES;
				CLANG_WARN_CONSTANT_CONVERSION = YES;
				CLANG_WARN_DEPRECATED_OBJC_IMPLEMENTATIONS = YES;
				CLANG_WARN_DIRECT_OBJC_ISA_USAGE = YES_ERROR;
				CLANG_WARN_DOCUMENTATION_COMMENTS = YES;
				CLANG_WARN_EMPTY_BODY = YES;
				CLANG_WARN_ENUM_CONVERSION = YES;
				CLANG_WARN_INFINITE_RECURSION = YES;
				CLANG_WARN_INT_CONVERSION = YES;
				CLANG_WARN_NON_LITERAL_NULL_CONVERSION = YES;
				CLANG_WARN_OBJC_IMPLICIT_RETAIN_SELF = YES;
				CLANG_WARN_OBJC_LITERAL_CONVERSION = YES;
				CLANG_WARN_OBJC_ROOT_CLASS = YES_ERROR;
				CLANG_WARN_QUOTED_INCLUDE_IN_FRAMEWORK_HEADER = YES;
				CLANG_WARN_RANGE_LOOP_ANALYSIS = YES;
				CLANG_WARN_STRICT_PROTOTYPES = YES;
				CLANG_WARN_SUSPICIOUS_MOVE = YES;
				CLANG_WARN_UNGUARDED_AVAILABILITY = YES_AGGRESSIVE;
				CLANG_WARN_UNREACHABLE_CODE = YES;
				CLANG_WARN__DUPLICATE_METHOD_MATCH = YES;
				COPY_PHASE_STRIP = NO;
				DEBUG_INFORMATION_FORMAT = "dwarf-with-dsym";
				ENABLE_NS_ASSERTIONS = NO;
				ENABLE_STRICT_OBJC_MSGSEND = YES;
				GCC_C_LANGUAGE_STANDARD = gnu11;
				GCC_NO_COMMON_BLOCKS = YES;
				GCC_WARN_64_TO_32_BIT_CONVERSION = YES;
				GCC_WARN_ABOUT_RETURN_TYPE = YES_ERROR;
				GCC_WARN_UNDECLARED_SELECTOR = YES;
				GCC_WARN_UNINITIALIZED_AUTOS = YES_AGGRESSIVE;
				GCC_WARN_UNUSED_FUNCTION = YES;
				GCC_WARN_UNUSED_VARIABLE = YES;
				IPHONEOS_DEPLOYMENT_TARGET = 14.1;
				MTL_ENABLE_DEBUG_INFO = NO;
				MTL_FAST_MATH = YES;
				SDKROOT = iphoneos;
				SWIFT_COMPILATION_MODE = wholemodule;
				SWIFT_OPTIMIZATION_LEVEL = "-O";
				VALIDATE_PRODUCT = YES;
			};
			name = Release;
		};
		7062E05A255C3318003283DB /* Debug */ = {
			isa = XCBuildConfiguration;
			buildSettings = {
				ASSETCATALOG_COMPILER_APPICON_NAME = AppIcon;
				ASSETCATALOG_COMPILER_GLOBAL_ACCENT_COLOR_NAME = AccentColor;
				CODE_SIGN_STYLE = Automatic;
				DEVELOPMENT_ASSET_PATHS = "\"iSwift/Preview Content\"";
				DEVELOPMENT_TEAM = U5QL3W6RAW;
				ENABLE_PREVIEWS = YES;
				INFOPLIST_FILE = iSwift/Info.plist;
				IPHONEOS_DEPLOYMENT_TARGET = 14.0;
				LD_RUNPATH_SEARCH_PATHS = (
					"$(inherited)",
					"@executable_path/Frameworks",
				);
				PRODUCT_BUNDLE_IDENTIFIER = org.miguelteixeira.iSwift;
				PRODUCT_NAME = "$(TARGET_NAME)";
				SWIFT_VERSION = 5.0;
				TARGETED_DEVICE_FAMILY = "1,2";
			};
			name = Debug;
		};
		7062E05B255C3318003283DB /* Release */ = {
			isa = XCBuildConfiguration;
			buildSettings = {
				ASSETCATALOG_COMPILER_APPICON_NAME = AppIcon;
				ASSETCATALOG_COMPILER_GLOBAL_ACCENT_COLOR_NAME = AccentColor;
				CODE_SIGN_STYLE = Automatic;
				DEVELOPMENT_ASSET_PATHS = "\"iSwift/Preview Content\"";
				DEVELOPMENT_TEAM = U5QL3W6RAW;
				ENABLE_PREVIEWS = YES;
				INFOPLIST_FILE = iSwift/Info.plist;
				IPHONEOS_DEPLOYMENT_TARGET = 14.0;
				LD_RUNPATH_SEARCH_PATHS = (
					"$(inherited)",
					"@executable_path/Frameworks",
				);
				PRODUCT_BUNDLE_IDENTIFIER = org.miguelteixeira.iSwift;
				PRODUCT_NAME = "$(TARGET_NAME)";
				SWIFT_VERSION = 5.0;
				TARGETED_DEVICE_FAMILY = "1,2";
			};
			name = Release;
		};
/* End XCBuildConfiguration section */

/* Begin XCConfigurationList section */
		7062E045255C3317003283DB /* Build configuration list for PBXProject "iSwift" */ = {
			isa = XCConfigurationList;
			buildConfigurations = (
				7062E057255C3318003283DB /* Debug */,
				7062E058255C3318003283DB /* Release */,
			);
			defaultConfigurationIsVisible = 0;
			defaultConfigurationName = Release;
		};
		7062E059255C3318003283DB /* Build configuration list for PBXNativeTarget "iSwift" */ = {
			isa = XCConfigurationList;
			buildConfigurations = (
				7062E05A255C3318003283DB /* Debug */,
				7062E05B255C3318003283DB /* Release */,
			);
			defaultConfigurationIsVisible = 0;
			defaultConfigurationName = Release;
		};
/* End XCConfigurationList section */

/* Begin XCVersionGroup section */
		CC20FF81255EB83F00377478 /* Data.xcdatamodeld */ = {
			isa = XCVersionGroup;
			children = (
				CC20FF82255EB83F00377478 /* Data.xcdatamodel */,
			);
			currentVersion = CC20FF82255EB83F00377478 /* Data.xcdatamodel */;
			path = Data.xcdatamodeld;
			sourceTree = "<group>";
			versionGroupType = wrapper.xcdatamodel;
		};
/* End XCVersionGroup section */
	};
	rootObject = 7062E042255C3317003283DB /* Project object */;
}
